# This file is automatically @generated by Cargo.
# It is not intended for manual editing.
version = 3

[[package]]
name = "atoi_simd"
version = "0.0.3"
source = "registry+https://github.com/rust-lang/crates.io-index"
checksum = "1cf298965d67775aa759e93f97509ffd189128672440c33772e23e467119284e"

[[package]]
name = "factorial"
version = "0.1.0"
dependencies = [
 "atoi_simd",
]
